
Microsoft Visual Studio Solution File, Format Version 12.00
# Visual Studio Version 17
VisualStudioVersion = 17.2.32630.192
MinimumVisualStudioVersion = 10.0.40219.1
Project("{FAE04EC0-301F-11D3-BF4B-00C04F79EFBC}") = "LoggingApp", "LoggingApp.csproj", "{11139E73-2CCB-42C8-9F79-A619946E8FDE}"
EndProject
Global
	GlobalSection(SolutionConfigurationPlatforms) = preSolution
		Debug|Any CPU = Debug|Any CPU
		Release|Any CPU = Release|Any CPU
	EndGlobalSection
	GlobalSection(ProjectConfigurationPlatforms) = postSolution
		{11139E73-2CCB-42C8-9F79-A619946E8FDE}.Debug|Any CPU.ActiveCfg = Debug|Any CPU
		{11139E73-2CCB-42C8-9F79-A619946E8FDE}.Debug|Any CPU.Build.0 = Debug|Any CPU
		{11139E73-2CCB-42C8-9F79-A619946E8FDE}.Release|Any CPU.ActiveCfg = Release|Any CPU
		{11139E73-2CCB-42C8-9F79-A619946E8FDE}.Release|Any CPU.Build.0 = Release|Any CPU
	EndGlobalSection
	GlobalSection(SolutionProperties) = preSolution
		HideSolutionNode = FALSE
	EndGlobalSection
	GlobalSection(ExtensibilityGlobals) = postSolution
		SolutionGuid = {B5A2E99C-CD5B-4D4C-B940-20F54974D1AD}
	EndGlobalSection
EndGlobal
